# This file is automatically @generated by Cargo.
# It is not intended for manual editing.
[[package]]
name = "RenegadeX-folder-permissions"
version = "1.0.0"
dependencies = [
 "embed-resource",
 "powershell_script",
]

[[package]]
name = "cc"
version = "1.0.58"
source = "registry+https://github.com/rust-lang/crates.io-index"
checksum = "f9a06fb2e53271d7c279ec1efea6ab691c35a2ae67ec0d91d7acec0caf13b518"

[[package]]
name = "embed-resource"
version = "1.3.3"
source = "registry+https://github.com/rust-lang/crates.io-index"
checksum = "1f6b0b4403da80c2fd32333937dd468292c001d778c587ae759b75432772715d"
dependencies = [
 "vswhom",
 "winreg",
]

[[package]]
name = "libc"
version = "0.2.73"
source = "registry+https://github.com/rust-lang/crates.io-index"
checksum = "bd7d4bd64732af4bf3a67f367c27df8520ad7e230c5817b8ff485864d80242b9"

[[package]]
name = "powershell_script"
version = "0.1.5"
source = "registry+https://github.com/rust-lang/crates.io-index"
checksum = "232c43ca4a2aec888dbdcf0167ad05c228692624d5b75b0a775ef4065ca8b03e"

[[package]]
name = "vswhom"
version = "0.1.0"
source = "registry+https://github.com/rust-lang/crates.io-index"
checksum = "be979b7f07507105799e854203b470ff7c78a1639e330a58f183b5fea574608b"
dependencies = [
 "libc",
 "vswhom-sys",
]

[[package]]
name = "vswhom-sys"
version = "0.1.0"
source = "registry+https://github.com/rust-lang/crates.io-index"
checksum = "fc2f5402d3d0e79a069714f7b48e3ecc60be7775a2c049cb839457457a239532"
dependencies = [
 "cc",
 "libc",
]

[[package]]
name = "winapi"
version = "0.3.9"
source = "registry+https://github.com/rust-lang/crates.io-index"
checksum = "5c839a674fcd7a98952e593242ea400abe93992746761e38641405d28b00f419"
dependencies = [
 "winapi-i686-pc-windows-gnu",
 "winapi-x86_64-pc-windows-gnu",
]

[[package]]
name = "winapi-i686-pc-windows-gnu"
version = "0.4.0"
source = "registry+https://github.com/rust-lang/crates.io-index"
checksum = "ac3b87c63620426dd9b991e5ce0329eff545bccbbb34f3be09ff6fb6ab51b7b6"

[[package]]
name = "winapi-x86_64-pc-windows-gnu"
version = "0.4.0"
source = "registry+https://github.com/rust-lang/crates.io-index"
checksum = "712e227841d057c1ee1cd2fb22fa7e5a5461ae8e48fa2ca79ec42cfc1931183f"

[[package]]
name = "winreg"
version = "0.6.2"
source = "registry+https://github.com/rust-lang/crates.io-index"
checksum = "b2986deb581c4fe11b621998a5e53361efe6b48a151178d0cd9eeffa4dc6acc9"
dependencies = [
 "winapi",
]
